
Microsoft Visual Studio Solution File, Format Version 12.00
# Visual Studio Version 16
VisualStudioVersion = 16.0.33130.400
MinimumVisualStudioVersion = 10.0.40219.1
Project("{FAE04EC0-301F-11D3-BF4B-00C04F79EFBC}") = "Assignment_4", "Assignment_4\Assignment_4.csproj", "{76C91409-AE76-4F51-9FB3-AC55D117805F}"
EndProject
Global
	GlobalSection(SolutionConfigurationPlatforms) = preSolution
		Debug|Any CPU = Debug|Any CPU
		Release|Any CPU = Release|Any CPU
	EndGlobalSection
	GlobalSection(ProjectConfigurationPlatforms) = postSolution
		{76C91409-AE76-4F51-9FB3-AC55D117805F}.Debug|Any CPU.ActiveCfg = Debug|Any CPU
		{76C91409-AE76-4F51-9FB3-AC55D117805F}.Debug|Any CPU.Build.0 = Debug|Any CPU
		{76C91409-AE76-4F51-9FB3-AC55D117805F}.Release|Any CPU.ActiveCfg = Release|Any CPU
		{76C91409-AE76-4F51-9FB3-AC55D117805F}.Release|Any CPU.Build.0 = Release|Any CPU
	EndGlobalSection
	GlobalSection(SolutionProperties) = preSolution
		HideSolutionNode = FALSE
	EndGlobalSection
	GlobalSection(ExtensibilityGlobals) = postSolution
		SolutionGuid = {54970A00-D933-46D8-B5B4-F7B94746CFFA}
	EndGlobalSection
EndGlobal
