
Microsoft Visual Studio Solution File, Format Version 12.00
# Visual Studio Version 16
VisualStudioVersion = 16.0.33130.400
MinimumVisualStudioVersion = 10.0.40219.1
Project("{FAE04EC0-301F-11D3-BF4B-00C04F79EFBC}") = "ConsoleApp1", "ConsoleApp1\ConsoleApp1.csproj", "{144D6CD2-3B05-4380-8FB8-9FBE1DD73443}"
EndProject
Global
	GlobalSection(SolutionConfigurationPlatforms) = preSolution
		Debug|Any CPU = Debug|Any CPU
		Release|Any CPU = Release|Any CPU
	EndGlobalSection
	GlobalSection(ProjectConfigurationPlatforms) = postSolution
		{144D6CD2-3B05-4380-8FB8-9FBE1DD73443}.Debug|Any CPU.ActiveCfg = Debug|Any CPU
		{144D6CD2-3B05-4380-8FB8-9FBE1DD73443}.Debug|Any CPU.Build.0 = Debug|Any CPU
		{144D6CD2-3B05-4380-8FB8-9FBE1DD73443}.Release|Any CPU.ActiveCfg = Release|Any CPU
		{144D6CD2-3B05-4380-8FB8-9FBE1DD73443}.Release|Any CPU.Build.0 = Release|Any CPU
	EndGlobalSection
	GlobalSection(SolutionProperties) = preSolution
		HideSolutionNode = FALSE
	EndGlobalSection
	GlobalSection(ExtensibilityGlobals) = postSolution
		SolutionGuid = {F035F0C6-BABB-45C0-9B31-73FC2AA03887}
	EndGlobalSection
EndGlobal
