
Microsoft Visual Studio Solution File, Format Version 12.00
# Visual Studio Version 16
VisualStudioVersion = 16.0.33130.400
MinimumVisualStudioVersion = 10.0.40219.1
Project("{FAE04EC0-301F-11D3-BF4B-00C04F79EFBC}") = "ThermalValueConverter", "ThermalValueConverter\ThermalValueConverter.csproj", "{6DE42B8F-0F06-4EA7-BEF6-6566191D3BC7}"
EndProject
Global
	GlobalSection(SolutionConfigurationPlatforms) = preSolution
		Debug|Any CPU = Debug|Any CPU
		Release|Any CPU = Release|Any CPU
	EndGlobalSection
	GlobalSection(ProjectConfigurationPlatforms) = postSolution
		{6DE42B8F-0F06-4EA7-BEF6-6566191D3BC7}.Debug|Any CPU.ActiveCfg = Debug|Any CPU
		{6DE42B8F-0F06-4EA7-BEF6-6566191D3BC7}.Debug|Any CPU.Build.0 = Debug|Any CPU
		{6DE42B8F-0F06-4EA7-BEF6-6566191D3BC7}.Release|Any CPU.ActiveCfg = Release|Any CPU
		{6DE42B8F-0F06-4EA7-BEF6-6566191D3BC7}.Release|Any CPU.Build.0 = Release|Any CPU
	EndGlobalSection
	GlobalSection(SolutionProperties) = preSolution
		HideSolutionNode = FALSE
	EndGlobalSection
	GlobalSection(ExtensibilityGlobals) = postSolution
		SolutionGuid = {BD8F77F4-A1A9-4F6D-B742-60C3A471476F}
	EndGlobalSection
EndGlobal
