
Microsoft Visual Studio Solution File, Format Version 12.00
# Visual Studio Version 16
VisualStudioVersion = 16.0.33130.400
MinimumVisualStudioVersion = 10.0.40219.1
Project("{FAE04EC0-301F-11D3-BF4B-00C04F79EFBC}") = "MathAndComparisonOperators", "MathAndComparisonOperators\MathAndComparisonOperators.csproj", "{1A75FA84-185C-4FB3-AE2D-433F94A9DBA5}"
EndProject
Global
	GlobalSection(SolutionConfigurationPlatforms) = preSolution
		Debug|Any CPU = Debug|Any CPU
		Release|Any CPU = Release|Any CPU
	EndGlobalSection
	GlobalSection(ProjectConfigurationPlatforms) = postSolution
		{1A75FA84-185C-4FB3-AE2D-433F94A9DBA5}.Debug|Any CPU.ActiveCfg = Debug|Any CPU
		{1A75FA84-185C-4FB3-AE2D-433F94A9DBA5}.Debug|Any CPU.Build.0 = Debug|Any CPU
		{1A75FA84-185C-4FB3-AE2D-433F94A9DBA5}.Release|Any CPU.ActiveCfg = Release|Any CPU
		{1A75FA84-185C-4FB3-AE2D-433F94A9DBA5}.Release|Any CPU.Build.0 = Release|Any CPU
	EndGlobalSection
	GlobalSection(SolutionProperties) = preSolution
		HideSolutionNode = FALSE
	EndGlobalSection
	GlobalSection(ExtensibilityGlobals) = postSolution
		SolutionGuid = {205DD863-3B87-4F19-AE79-C3A943C50B72}
	EndGlobalSection
EndGlobal
