
Microsoft Visual Studio Solution File, Format Version 12.00
# Visual Studio Version 16
VisualStudioVersion = 16.0.33130.400
MinimumVisualStudioVersion = 10.0.40219.1
Project("{FAE04EC0-301F-11D3-BF4B-00C04F79EFBC}") = "Interface Example", "Interface Example\Interface Example.csproj", "{0E5C924D-E095-49BB-B164-B2C49683A297}"
EndProject
Global
	GlobalSection(SolutionConfigurationPlatforms) = preSolution
		Debug|Any CPU = Debug|Any CPU
		Release|Any CPU = Release|Any CPU
	EndGlobalSection
	GlobalSection(ProjectConfigurationPlatforms) = postSolution
		{0E5C924D-E095-49BB-B164-B2C49683A297}.Debug|Any CPU.ActiveCfg = Debug|Any CPU
		{0E5C924D-E095-49BB-B164-B2C49683A297}.Debug|Any CPU.Build.0 = Debug|Any CPU
		{0E5C924D-E095-49BB-B164-B2C49683A297}.Release|Any CPU.ActiveCfg = Release|Any CPU
		{0E5C924D-E095-49BB-B164-B2C49683A297}.Release|Any CPU.Build.0 = Release|Any CPU
	EndGlobalSection
	GlobalSection(SolutionProperties) = preSolution
		HideSolutionNode = FALSE
	EndGlobalSection
	GlobalSection(ExtensibilityGlobals) = postSolution
		SolutionGuid = {135A366B-FA84-4DB1-BA17-3F98F4541B87}
	EndGlobalSection
EndGlobal
