
Microsoft Visual Studio Solution File, Format Version 12.00
# Visual Studio Version 16
VisualStudioVersion = 16.0.33130.400
MinimumVisualStudioVersion = 10.0.40219.1
Project("{FAE04EC0-301F-11D3-BF4B-00C04F79EFBC}") = "Multi-Property-Methods", "Multi-Property-Methods\Multi-Property-Methods.csproj", "{3951EFBA-2934-417C-81F7-61EEFFCED9D1}"
EndProject
Global
	GlobalSection(SolutionConfigurationPlatforms) = preSolution
		Debug|Any CPU = Debug|Any CPU
		Release|Any CPU = Release|Any CPU
	EndGlobalSection
	GlobalSection(ProjectConfigurationPlatforms) = postSolution
		{3951EFBA-2934-417C-81F7-61EEFFCED9D1}.Debug|Any CPU.ActiveCfg = Debug|Any CPU
		{3951EFBA-2934-417C-81F7-61EEFFCED9D1}.Debug|Any CPU.Build.0 = Debug|Any CPU
		{3951EFBA-2934-417C-81F7-61EEFFCED9D1}.Release|Any CPU.ActiveCfg = Release|Any CPU
		{3951EFBA-2934-417C-81F7-61EEFFCED9D1}.Release|Any CPU.Build.0 = Release|Any CPU
	EndGlobalSection
	GlobalSection(SolutionProperties) = preSolution
		HideSolutionNode = FALSE
	EndGlobalSection
	GlobalSection(ExtensibilityGlobals) = postSolution
		SolutionGuid = {D507BED2-B71C-441C-AC60-621B05B97C93}
	EndGlobalSection
EndGlobal
