
Microsoft Visual Studio Solution File, Format Version 12.00
# Visual Studio Version 16
VisualStudioVersion = 16.0.33130.400
MinimumVisualStudioVersion = 10.0.40219.1
Project("{FAE04EC0-301F-11D3-BF4B-00C04F79EFBC}") = "QuitMessageInterface", "QuitMessageInterface\QuitMessageInterface.csproj", "{46C8CB11-FD0E-4612-B05A-997AB98D3D2F}"
EndProject
Global
	GlobalSection(SolutionConfigurationPlatforms) = preSolution
		Debug|Any CPU = Debug|Any CPU
		Release|Any CPU = Release|Any CPU
	EndGlobalSection
	GlobalSection(ProjectConfigurationPlatforms) = postSolution
		{46C8CB11-FD0E-4612-B05A-997AB98D3D2F}.Debug|Any CPU.ActiveCfg = Debug|Any CPU
		{46C8CB11-FD0E-4612-B05A-997AB98D3D2F}.Debug|Any CPU.Build.0 = Debug|Any CPU
		{46C8CB11-FD0E-4612-B05A-997AB98D3D2F}.Release|Any CPU.ActiveCfg = Release|Any CPU
		{46C8CB11-FD0E-4612-B05A-997AB98D3D2F}.Release|Any CPU.Build.0 = Release|Any CPU
	EndGlobalSection
	GlobalSection(SolutionProperties) = preSolution
		HideSolutionNode = FALSE
	EndGlobalSection
	GlobalSection(ExtensibilityGlobals) = postSolution
		SolutionGuid = {18C84AAE-3548-45DA-A9AF-043755C9A08A}
	EndGlobalSection
EndGlobal
